{
    "hash": "a6f3612e3791211cf681c42b43147955",
    "packages": [
        {
            "package": "doctrine/common",
            "version": "2.3.0-BETA1"
        },
        {
            "package": "symfony/symfony",
            "version": "v2.1.0-BETA3"
        },
        {
            "package": "twig/twig",
            "version": "v1.9.0"
        }
    ],
    "packages-dev": [
        {
            "package": "jms/metadata",
            "version": "1.1.1"
        },
        {
            "package": "jms/serializer-bundle",
            "version": "dev-master",
            "alias-pretty-version": "0.9.x-dev",
            "alias-version": "0.9.9999999.9999999-dev"
        },
        {
            "package": "jms/serializer-bundle",
            "version": "dev-master",
            "source-reference": "6bd1105030c7cc12fbd8ac64cb3a926777806045",
            "commit-date": "1342557364"
        }
    ],
    "aliases": [

    ],
    "minimum-stability": "beta",
    "stability-flags": {
        "jms/serializer-bundle": 20
    }
}
