{
    "hash": "59245316137f17a8deb5d804d545cbf8",
    "packages": [
        {
            "package": "doctrine/common",
            "version": "2.3.0-BETA1"
        },
        {
            "package": "symfony/symfony",
            "version": "dev-master",
            "alias-pretty-version": "2.1.x-dev",
            "alias-version": "2.1.9999999.9999999-dev"
        },
        {
            "package": "symfony/symfony",
            "version": "dev-master",
            "source-reference": "67bf84d7c5e3dee8c1c8b81874a03bb089e74362",
            "commit-date": "1342708743"
        },
        {
            "package": "twig/twig",
            "version": "dev-master",
            "alias-pretty-version": "1.9.x-dev",
            "alias-version": "1.9.9999999.9999999-dev"
        },
        {
            "package": "twig/twig",
            "version": "dev-master",
            "source-reference": "7c3b987742ed8512ba70712e0ff8862c52eebbc9",
            "commit-date": "1342675769"
        }
    ],
    "packages-dev": [
        {
            "package": "jms/metadata",
            "version": "1.1.1"
        },
        {
            "package": "jms/serializer-bundle",
            "version": "dev-master",
            "alias-pretty-version": "0.9.x-dev",
            "alias-version": "0.9.9999999.9999999-dev"
        },
        {
            "package": "jms/serializer-bundle",
            "version": "dev-master",
            "source-reference": "6bd1105030c7cc12fbd8ac64cb3a926777806045",
            "commit-date": "1342557364"
        }
    ],
    "aliases": [

    ],
    "minimum-stability": "beta",
    "stability-flags": {
        "jms/serializer-bundle": 20
    }
}
